
Microsoft Visual Studio Solution File, Format Version 12.00
# Visual Studio Version 16
VisualStudioVersion = 16.0.29509.3
MinimumVisualStudioVersion = 10.0.40219.1
Project("{FAE04EC0-301F-11D3-BF4B-00C04F79EFBC}") = "Create_Dapper_API", "Create_Dapper_API\Create_Dapper_API.csproj", "{CBF56C09-D71B-47CC-8746-384D8ADECD08}"
EndProject
Global
	GlobalSection(SolutionConfigurationPlatforms) = preSolution
		Debug|Any CPU = Debug|Any CPU
		Release|Any CPU = Release|Any CPU
	EndGlobalSection
	GlobalSection(ProjectConfigurationPlatforms) = postSolution
		{CBF56C09-D71B-47CC-8746-384D8ADECD08}.Debug|Any CPU.ActiveCfg = Debug|Any CPU
		{CBF56C09-D71B-47CC-8746-384D8ADECD08}.Debug|Any CPU.Build.0 = Debug|Any CPU
		{CBF56C09-D71B-47CC-8746-384D8ADECD08}.Release|Any CPU.ActiveCfg = Release|Any CPU
		{CBF56C09-D71B-47CC-8746-384D8ADECD08}.Release|Any CPU.Build.0 = Release|Any CPU
	EndGlobalSection
	GlobalSection(SolutionProperties) = preSolution
		HideSolutionNode = FALSE
	EndGlobalSection
	GlobalSection(ExtensibilityGlobals) = postSolution
		SolutionGuid = {473163D5-644A-468F-A547-8BB512F249E7}
	EndGlobalSection
EndGlobal
